{
  "name": "tailwindcss-fluid-type",
  "version": "3.0.0-.beta.1",
  "lockfileVersion": 3,
  "requires": true,
  "packages": {
    "": {
      "name": "tailwindcss-fluid-type",
      "version": "3.0.0-.beta.1",
      "license": "MIT",
      "devDependencies": {
        "tailwindcss": "^4.0.0-beta.3"
      },
      "peerDependencies": {
        "tailwindcss": ">=4.0.0 || >=4.0.0-beta.3"
      }
    },
    "node_modules/tailwindcss": {
      "version": "4.0.0-beta.3",
      "resolved": "https://registry.npmjs.org/tailwindcss/-/tailwindcss-4.0.0-beta.3.tgz",
      "integrity": "sha512-Cem7SF6OYcijYA1ZOGmuZHxk704iOxsRboFCXIpSJSR0XFft/NNz93Yoo0kHZIGNlqZmnQItI7JUSdR++Y9hZQ==",
      "dev": true
    }
  }
}
